
Microsoft Visual Studio Solution File, Format Version 12.00
# Visual Studio Version 16
VisualStudioVersion = 16.0.30804.86
MinimumVisualStudioVersion = 10.0.40219.1
Project("{FAE04EC0-301F-11D3-BF4B-00C04F79EFBC}") = "Hilos", "Hilos\Hilos.csproj", "{8AD07969-42B7-40EE-BDFF-EAF41A2B9AC9}"
EndProject
Global
	GlobalSection(SolutionConfigurationPlatforms) = preSolution
		Debug|Any CPU = Debug|Any CPU
		Release|Any CPU = Release|Any CPU
	EndGlobalSection
	GlobalSection(ProjectConfigurationPlatforms) = postSolution
		{8AD07969-42B7-40EE-BDFF-EAF41A2B9AC9}.Debug|Any CPU.ActiveCfg = Debug|Any CPU
		{8AD07969-42B7-40EE-BDFF-EAF41A2B9AC9}.Debug|Any CPU.Build.0 = Debug|Any CPU
		{8AD07969-42B7-40EE-BDFF-EAF41A2B9AC9}.Release|Any CPU.ActiveCfg = Release|Any CPU
		{8AD07969-42B7-40EE-BDFF-EAF41A2B9AC9}.Release|Any CPU.Build.0 = Release|Any CPU
	EndGlobalSection
	GlobalSection(SolutionProperties) = preSolution
		HideSolutionNode = FALSE
	EndGlobalSection
	GlobalSection(ExtensibilityGlobals) = postSolution
		SolutionGuid = {326CE4D3-81A9-4068-858D-99CB353473B1}
	EndGlobalSection
EndGlobal
